
Microsoft Visual Studio Solution File, Format Version 12.00
# Visual Studio Version 17
VisualStudioVersion = 17.11.35327.3
MinimumVisualStudioVersion = 10.0.40219.1
Project("{FAE04EC0-301F-11D3-BF4B-00C04F79EFBC}") = "RaspberryPiBrain", "RaspberryPiBrain\RaspberryPiBrain.csproj", "{D74A515D-F9B6-4537-B09A-7F5F96FA5391}"
EndProject
Global
	GlobalSection(SolutionConfigurationPlatforms) = preSolution
		Debug|Any CPU = Debug|Any CPU
		Release|Any CPU = Release|Any CPU
	EndGlobalSection
	GlobalSection(ProjectConfigurationPlatforms) = postSolution
		{D74A515D-F9B6-4537-B09A-7F5F96FA5391}.Debug|Any CPU.ActiveCfg = Debug|Any CPU
		{D74A515D-F9B6-4537-B09A-7F5F96FA5391}.Debug|Any CPU.Build.0 = Debug|Any CPU
		{D74A515D-F9B6-4537-B09A-7F5F96FA5391}.Release|Any CPU.ActiveCfg = Release|Any CPU
		{D74A515D-F9B6-4537-B09A-7F5F96FA5391}.Release|Any CPU.Build.0 = Release|Any CPU
	EndGlobalSection
	GlobalSection(SolutionProperties) = preSolution
		HideSolutionNode = FALSE
	EndGlobalSection
	GlobalSection(ExtensibilityGlobals) = postSolution
		SolutionGuid = {18D490FA-F1B3-4BD9-908F-2BF25CB037D9}
	EndGlobalSection
EndGlobal
